
Microsoft Visual Studio Solution File, Format Version 11.00
# Visual Studio 2010
Project("{FAE04EC0-301F-11D3-BF4B-00C04F79EFBC}") = "Pactas.SDK", "Pactas.SDK.csproj", "{8ADD1632-B84B-4B90-863C-E8F753AD4F57}"
EndProject
Project("{FAE04EC0-301F-11D3-BF4B-00C04F79EFBC}") = "Pactas.SDK.Sample", "..\Pactas.SDK.Sample\Pactas.SDK.Sample.csproj", "{2478F8DD-58CF-4AA7-BAC8-F74ECE8BC757}"
EndProject
Project("{FAE04EC0-301F-11D3-BF4B-00C04F79EFBC}") = "Pactas.SDK.Test", "..\ConsoleApplication1\Pactas.SDK.Test.csproj", "{C26DFBAC-169F-4E3F-8F53-5D8D0F8120D2}"
EndProject
Global
	GlobalSection(SolutionConfigurationPlatforms) = preSolution
		Debug|Any CPU = Debug|Any CPU
		Debug|Mixed Platforms = Debug|Mixed Platforms
		Debug|x86 = Debug|x86
		Release|Any CPU = Release|Any CPU
		Release|Mixed Platforms = Release|Mixed Platforms
		Release|x86 = Release|x86
	EndGlobalSection
	GlobalSection(ProjectConfigurationPlatforms) = postSolution
		{8ADD1632-B84B-4B90-863C-E8F753AD4F57}.Debug|Any CPU.ActiveCfg = Debug|Any CPU
		{8ADD1632-B84B-4B90-863C-E8F753AD4F57}.Debug|Any CPU.Build.0 = Debug|Any CPU
		{8ADD1632-B84B-4B90-863C-E8F753AD4F57}.Debug|Mixed Platforms.ActiveCfg = Debug|Any CPU
		{8ADD1632-B84B-4B90-863C-E8F753AD4F57}.Debug|Mixed Platforms.Build.0 = Debug|Any CPU
		{8ADD1632-B84B-4B90-863C-E8F753AD4F57}.Debug|x86.ActiveCfg = Debug|Any CPU
		{8ADD1632-B84B-4B90-863C-E8F753AD4F57}.Release|Any CPU.ActiveCfg = Release|Any CPU
		{8ADD1632-B84B-4B90-863C-E8F753AD4F57}.Release|Any CPU.Build.0 = Release|Any CPU
		{8ADD1632-B84B-4B90-863C-E8F753AD4F57}.Release|Mixed Platforms.ActiveCfg = Release|Any CPU
		{8ADD1632-B84B-4B90-863C-E8F753AD4F57}.Release|Mixed Platforms.Build.0 = Release|Any CPU
		{8ADD1632-B84B-4B90-863C-E8F753AD4F57}.Release|x86.ActiveCfg = Release|Any CPU
		{2478F8DD-58CF-4AA7-BAC8-F74ECE8BC757}.Debug|Any CPU.ActiveCfg = Debug|x86
		{2478F8DD-58CF-4AA7-BAC8-F74ECE8BC757}.Debug|Mixed Platforms.ActiveCfg = Debug|x86
		{2478F8DD-58CF-4AA7-BAC8-F74ECE8BC757}.Debug|Mixed Platforms.Build.0 = Debug|x86
		{2478F8DD-58CF-4AA7-BAC8-F74ECE8BC757}.Debug|x86.ActiveCfg = Debug|x86
		{2478F8DD-58CF-4AA7-BAC8-F74ECE8BC757}.Debug|x86.Build.0 = Debug|x86
		{2478F8DD-58CF-4AA7-BAC8-F74ECE8BC757}.Release|Any CPU.ActiveCfg = Release|x86
		{2478F8DD-58CF-4AA7-BAC8-F74ECE8BC757}.Release|Mixed Platforms.ActiveCfg = Release|x86
		{2478F8DD-58CF-4AA7-BAC8-F74ECE8BC757}.Release|Mixed Platforms.Build.0 = Release|x86
		{2478F8DD-58CF-4AA7-BAC8-F74ECE8BC757}.Release|x86.ActiveCfg = Release|x86
		{2478F8DD-58CF-4AA7-BAC8-F74ECE8BC757}.Release|x86.Build.0 = Release|x86
		{C26DFBAC-169F-4E3F-8F53-5D8D0F8120D2}.Debug|Any CPU.ActiveCfg = Debug|x86
		{C26DFBAC-169F-4E3F-8F53-5D8D0F8120D2}.Debug|Mixed Platforms.ActiveCfg = Debug|x86
		{C26DFBAC-169F-4E3F-8F53-5D8D0F8120D2}.Debug|Mixed Platforms.Build.0 = Debug|x86
		{C26DFBAC-169F-4E3F-8F53-5D8D0F8120D2}.Debug|x86.ActiveCfg = Debug|x86
		{C26DFBAC-169F-4E3F-8F53-5D8D0F8120D2}.Debug|x86.Build.0 = Debug|x86
		{C26DFBAC-169F-4E3F-8F53-5D8D0F8120D2}.Release|Any CPU.ActiveCfg = Release|x86
		{C26DFBAC-169F-4E3F-8F53-5D8D0F8120D2}.Release|Mixed Platforms.ActiveCfg = Release|x86
		{C26DFBAC-169F-4E3F-8F53-5D8D0F8120D2}.Release|Mixed Platforms.Build.0 = Release|x86
		{C26DFBAC-169F-4E3F-8F53-5D8D0F8120D2}.Release|x86.ActiveCfg = Release|x86
		{C26DFBAC-169F-4E3F-8F53-5D8D0F8120D2}.Release|x86.Build.0 = Release|x86
	EndGlobalSection
	GlobalSection(SolutionProperties) = preSolution
		HideSolutionNode = FALSE
	EndGlobalSection
EndGlobal
